
Microsoft Visual Studio Solution File, Format Version 12.00
# Visual Studio Version 16
VisualStudioVersion = 16.0.32630.194
MinimumVisualStudioVersion = 10.0.40219.1
Project("{FAE04EC0-301F-11D3-BF4B-00C04F79EFBC}") = "Play", "Play\Play.csproj", "{181CD8B5-C6E9-464E-966C-A4490CDD4E4E}"
EndProject
Project("{8BC9CEB8-8B4A-11D0-8D11-00A0C91BC942}") = "TextDLL", "TextDLL\TextDLL.vcxproj", "{4ACAF3FD-9F90-4836-8C6D-8ABCF18AF2FD}"
EndProject
Global
	GlobalSection(SolutionConfigurationPlatforms) = preSolution
		Debug|Any CPU = Debug|Any CPU
		Debug|x64 = Debug|x64
		Debug|x86 = Debug|x86
		Release|Any CPU = Release|Any CPU
		Release|x64 = Release|x64
		Release|x86 = Release|x86
	EndGlobalSection
	GlobalSection(ProjectConfigurationPlatforms) = postSolution
		{181CD8B5-C6E9-464E-966C-A4490CDD4E4E}.Debug|Any CPU.ActiveCfg = Debug|Any CPU
		{181CD8B5-C6E9-464E-966C-A4490CDD4E4E}.Debug|Any CPU.Build.0 = Debug|Any CPU
		{181CD8B5-C6E9-464E-966C-A4490CDD4E4E}.Debug|x64.ActiveCfg = Debug|Any CPU
		{181CD8B5-C6E9-464E-966C-A4490CDD4E4E}.Debug|x64.Build.0 = Debug|Any CPU
		{181CD8B5-C6E9-464E-966C-A4490CDD4E4E}.Debug|x86.ActiveCfg = Debug|Any CPU
		{181CD8B5-C6E9-464E-966C-A4490CDD4E4E}.Debug|x86.Build.0 = Debug|Any CPU
		{181CD8B5-C6E9-464E-966C-A4490CDD4E4E}.Release|Any CPU.ActiveCfg = Release|Any CPU
		{181CD8B5-C6E9-464E-966C-A4490CDD4E4E}.Release|Any CPU.Build.0 = Release|Any CPU
		{181CD8B5-C6E9-464E-966C-A4490CDD4E4E}.Release|x64.ActiveCfg = Release|Any CPU
		{181CD8B5-C6E9-464E-966C-A4490CDD4E4E}.Release|x64.Build.0 = Release|Any CPU
		{181CD8B5-C6E9-464E-966C-A4490CDD4E4E}.Release|x86.ActiveCfg = Release|Any CPU
		{181CD8B5-C6E9-464E-966C-A4490CDD4E4E}.Release|x86.Build.0 = Release|Any CPU
		{4ACAF3FD-9F90-4836-8C6D-8ABCF18AF2FD}.Debug|Any CPU.ActiveCfg = Debug|Win32
		{4ACAF3FD-9F90-4836-8C6D-8ABCF18AF2FD}.Debug|x64.ActiveCfg = Debug|x64
		{4ACAF3FD-9F90-4836-8C6D-8ABCF18AF2FD}.Debug|x64.Build.0 = Debug|x64
		{4ACAF3FD-9F90-4836-8C6D-8ABCF18AF2FD}.Debug|x86.ActiveCfg = Debug|Win32
		{4ACAF3FD-9F90-4836-8C6D-8ABCF18AF2FD}.Debug|x86.Build.0 = Debug|Win32
		{4ACAF3FD-9F90-4836-8C6D-8ABCF18AF2FD}.Release|Any CPU.ActiveCfg = Release|Win32
		{4ACAF3FD-9F90-4836-8C6D-8ABCF18AF2FD}.Release|x64.ActiveCfg = Release|x64
		{4ACAF3FD-9F90-4836-8C6D-8ABCF18AF2FD}.Release|x64.Build.0 = Release|x64
		{4ACAF3FD-9F90-4836-8C6D-8ABCF18AF2FD}.Release|x86.ActiveCfg = Release|Win32
		{4ACAF3FD-9F90-4836-8C6D-8ABCF18AF2FD}.Release|x86.Build.0 = Release|Win32
	EndGlobalSection
	GlobalSection(SolutionProperties) = preSolution
		HideSolutionNode = FALSE
	EndGlobalSection
	GlobalSection(ExtensibilityGlobals) = postSolution
		SolutionGuid = {03D5CF83-3C9C-42B5-9208-4AD3C56B69A6}
	EndGlobalSection
EndGlobal
